
Microsoft Visual Studio Solution File, Format Version 12.00
# Visual Studio Version 17
VisualStudioVersion = 17.3.32825.248
MinimumVisualStudioVersion = 10.0.40219.1
Project("{FAE04EC0-301F-11D3-BF4B-00C04F79EFBC}") = "Matrix", "Matrix.csproj", "{C945ACFF-CF09-48FD-9698-4996F359CDE5}"
EndProject
Global
	GlobalSection(SolutionConfigurationPlatforms) = preSolution
		Debug|Any CPU = Debug|Any CPU
		Release|Any CPU = Release|Any CPU
	EndGlobalSection
	GlobalSection(ProjectConfigurationPlatforms) = postSolution
		{C945ACFF-CF09-48FD-9698-4996F359CDE5}.Debug|Any CPU.ActiveCfg = Debug|Any CPU
		{C945ACFF-CF09-48FD-9698-4996F359CDE5}.Debug|Any CPU.Build.0 = Debug|Any CPU
		{C945ACFF-CF09-48FD-9698-4996F359CDE5}.Release|Any CPU.ActiveCfg = Release|Any CPU
		{C945ACFF-CF09-48FD-9698-4996F359CDE5}.Release|Any CPU.Build.0 = Release|Any CPU
	EndGlobalSection
	GlobalSection(SolutionProperties) = preSolution
		HideSolutionNode = FALSE
	EndGlobalSection
	GlobalSection(ExtensibilityGlobals) = postSolution
		SolutionGuid = {9F939B5B-8D4C-42E7-A56B-A54C38190736}
	EndGlobalSection
EndGlobal
